{
  "name": "flatc-wasm",
  "version": "25.12.19-wasm.67",
  "lockfileVersion": 3,
  "requires": true,
  "packages": {
    "": {
      "name": "flatc-wasm",
      "version": "25.12.19-wasm.67",
      "license": "Apache-2.0",
      "dependencies": {
        "hd-wallet-wasm": "^1.2.6"
      },
      "devDependencies": {
        "husky": "^9.1.7"
      },
      "engines": {
        "node": ">=18.0.0"
      }
    },
    "node_modules/hd-wallet-wasm": {
      "version": "1.6.0",
      "resolved": "https://registry.npmjs.org/hd-wallet-wasm/-/hd-wallet-wasm-1.6.0.tgz",
      "integrity": "sha512-yV5q0iI7b1fDhqUOb0VQHx8wvqJqQRP0Gh3MApo1U17aFjOD4yuejVnnS2b65/93wWHjexmKxLUrWCxL/gPcdQ==",
      "license": "Apache-2.0",
      "engines": {
        "node": ">=18.0.0"
      }
    },
    "node_modules/husky": {
      "version": "9.1.7",
      "resolved": "https://registry.npmjs.org/husky/-/husky-9.1.7.tgz",
      "integrity": "sha512-5gs5ytaNjBrh5Ow3zrvdUUY+0VxIuWVL4i9irt6friV+BqdCfmV11CQTWMiBYWHbXhco+J1kHfTOUkePhCDvMA==",
      "dev": true,
      "license": "MIT",
      "bin": {
        "husky": "bin.js"
      },
      "engines": {
        "node": ">=18"
      },
      "funding": {
        "url": "https://github.com/sponsors/typicode"
      }
    }
  }
}
