{
  "name": "flatc-wasm",
  "version": "25.12.19-wasm.68",
  "lockfileVersion": 3,
  "requires": true,
  "packages": {
    "": {
      "name": "flatc-wasm",
      "version": "25.12.19-wasm.68",
      "license": "Apache-2.0",
      "dependencies": {
        "hd-wallet-wasm": "2.0.28"
      },
      "devDependencies": {
        "husky": "^9.1.7"
      },
      "engines": {
        "node": ">=18.0.0"
      }
    },
    "node_modules/flatbuffers": {
      "version": "25.9.23",
      "resolved": "https://registry.npmjs.org/flatbuffers/-/flatbuffers-25.9.23.tgz",
      "integrity": "sha512-MI1qs7Lo4Syw0EOzUl0xjs2lsoeqFku44KpngfIduHBYvzm8h2+7K8YMQh1JtVVVrUvhLpNwqVi4DERegUJhPQ==",
      "license": "Apache-2.0"
    },
    "node_modules/hd-wallet-wasm": {
      "version": "2.0.28",
      "resolved": "https://registry.npmjs.org/hd-wallet-wasm/-/hd-wallet-wasm-2.0.28.tgz",
      "integrity": "sha512-+vXg7g5J7p1JM6tLZdEvlJEhlacmvJrlIH1khersUjI7HrGaFdpX11rxR2jYES+Zp1+DeknioU+s8jzstynacA==",
      "license": "Apache-2.0",
      "dependencies": {
        "flatbuffers": "25.9.23"
      },
      "engines": {
        "node": ">=18.0.0"
      }
    },
    "node_modules/husky": {
      "version": "9.1.7",
      "resolved": "https://registry.npmjs.org/husky/-/husky-9.1.7.tgz",
      "integrity": "sha512-5gs5ytaNjBrh5Ow3zrvdUUY+0VxIuWVL4i9irt6friV+BqdCfmV11CQTWMiBYWHbXhco+J1kHfTOUkePhCDvMA==",
      "dev": true,
      "license": "MIT",
      "bin": {
        "husky": "bin.js"
      },
      "engines": {
        "node": ">=18"
      },
      "funding": {
        "url": "https://github.com/sponsors/typicode"
      }
    }
  }
}
